
Microsoft Visual Studio Solution File, Format Version 12.00
# Visual Studio Version 16
VisualStudioVersion = 16.0.31005.135
MinimumVisualStudioVersion = 10.0.40219.1
Project("{9A19103F-16F7-4668-BE54-9A1E7A4F7556}") = "Core", "Core\Core.csproj", "{7EB687C3-77D2-4DE3-B1EC-B95D6D4B424C}"
EndProject
Project("{9A19103F-16F7-4668-BE54-9A1E7A4F7556}") = "Entities", "Entities\Entities.csproj", "{30DEFB31-54CC-4BCF-906D-8D8EBD4EC840}"
EndProject
Project("{9A19103F-16F7-4668-BE54-9A1E7A4F7556}") = "DataAccess", "DataAccess\DataAccess.csproj", "{9A7EE75A-47CD-4419-9FD1-2B092748F5DE}"
EndProject
Project("{9A19103F-16F7-4668-BE54-9A1E7A4F7556}") = "Business", "Business\Business.csproj", "{3A5FFDE8-6C19-41AF-933F-D5D38E9A5DAA}"
EndProject
Project("{9A19103F-16F7-4668-BE54-9A1E7A4F7556}") = "ConsoleUI", "ConsoleUI\ConsoleUI.csproj", "{B3F4B1A7-D25E-4037-98D2-0883EE6C3675}"
EndProject
Project("{FAE04EC0-301F-11D3-BF4B-00C04F79EFBC}") = "WebAPI", "WebAPI\WebAPI.csproj", "{48503F23-CAB6-4055-8214-5CAC2F98E8A0}"
EndProject
Global
	GlobalSection(SolutionConfigurationPlatforms) = preSolution
		Debug|Any CPU = Debug|Any CPU
		Release|Any CPU = Release|Any CPU
	EndGlobalSection
	GlobalSection(ProjectConfigurationPlatforms) = postSolution
		{7EB687C3-77D2-4DE3-B1EC-B95D6D4B424C}.Debug|Any CPU.ActiveCfg = Debug|Any CPU
		{7EB687C3-77D2-4DE3-B1EC-B95D6D4B424C}.Debug|Any CPU.Build.0 = Debug|Any CPU
		{7EB687C3-77D2-4DE3-B1EC-B95D6D4B424C}.Release|Any CPU.ActiveCfg = Release|Any CPU
		{7EB687C3-77D2-4DE3-B1EC-B95D6D4B424C}.Release|Any CPU.Build.0 = Release|Any CPU
		{30DEFB31-54CC-4BCF-906D-8D8EBD4EC840}.Debug|Any CPU.ActiveCfg = Debug|Any CPU
		{30DEFB31-54CC-4BCF-906D-8D8EBD4EC840}.Debug|Any CPU.Build.0 = Debug|Any CPU
		{30DEFB31-54CC-4BCF-906D-8D8EBD4EC840}.Release|Any CPU.ActiveCfg = Release|Any CPU
		{30DEFB31-54CC-4BCF-906D-8D8EBD4EC840}.Release|Any CPU.Build.0 = Release|Any CPU
		{9A7EE75A-47CD-4419-9FD1-2B092748F5DE}.Debug|Any CPU.ActiveCfg = Debug|Any CPU
		{9A7EE75A-47CD-4419-9FD1-2B092748F5DE}.Debug|Any CPU.Build.0 = Debug|Any CPU
		{9A7EE75A-47CD-4419-9FD1-2B092748F5DE}.Release|Any CPU.ActiveCfg = Release|Any CPU
		{9A7EE75A-47CD-4419-9FD1-2B092748F5DE}.Release|Any CPU.Build.0 = Release|Any CPU
		{3A5FFDE8-6C19-41AF-933F-D5D38E9A5DAA}.Debug|Any CPU.ActiveCfg = Debug|Any CPU
		{3A5FFDE8-6C19-41AF-933F-D5D38E9A5DAA}.Debug|Any CPU.Build.0 = Debug|Any CPU
		{3A5FFDE8-6C19-41AF-933F-D5D38E9A5DAA}.Release|Any CPU.ActiveCfg = Release|Any CPU
		{3A5FFDE8-6C19-41AF-933F-D5D38E9A5DAA}.Release|Any CPU.Build.0 = Release|Any CPU
		{B3F4B1A7-D25E-4037-98D2-0883EE6C3675}.Debug|Any CPU.ActiveCfg = Debug|Any CPU
		{B3F4B1A7-D25E-4037-98D2-0883EE6C3675}.Debug|Any CPU.Build.0 = Debug|Any CPU
		{B3F4B1A7-D25E-4037-98D2-0883EE6C3675}.Release|Any CPU.ActiveCfg = Release|Any CPU
		{B3F4B1A7-D25E-4037-98D2-0883EE6C3675}.Release|Any CPU.Build.0 = Release|Any CPU
		{48503F23-CAB6-4055-8214-5CAC2F98E8A0}.Debug|Any CPU.ActiveCfg = Debug|Any CPU
		{48503F23-CAB6-4055-8214-5CAC2F98E8A0}.Debug|Any CPU.Build.0 = Debug|Any CPU
		{48503F23-CAB6-4055-8214-5CAC2F98E8A0}.Release|Any CPU.ActiveCfg = Release|Any CPU
		{48503F23-CAB6-4055-8214-5CAC2F98E8A0}.Release|Any CPU.Build.0 = Release|Any CPU
	EndGlobalSection
	GlobalSection(SolutionProperties) = preSolution
		HideSolutionNode = FALSE
	EndGlobalSection
	GlobalSection(ExtensibilityGlobals) = postSolution
		SolutionGuid = {604B0D6B-E6CE-4791-AB55-8969ABF311B3}
	EndGlobalSection
EndGlobal
